
Microsoft Visual Studio Solution File, Format Version 12.00
# Visual Studio Version 17
VisualStudioVersion = 17.4.33122.133
MinimumVisualStudioVersion = 10.0.40219.1
Project("{FAE04EC0-301F-11D3-BF4B-00C04F79EFBC}") = "MovieAPI", "MovieServer\MovieAPI.csproj", "{33A88EB3-45F8-4181-AF8F-DCB75F6490A5}"
EndProject
Project("{FAE04EC0-301F-11D3-BF4B-00C04F79EFBC}") = "MovieDataAccess", "MovieDataAccess\MovieDataAccess.csproj", "{A80A797B-757C-46C4-9C5C-6C7FBC43FA5C}"
EndProject
Project("{FAE04EC0-301F-11D3-BF4B-00C04F79EFBC}") = "MovieDataAccessTests", "MovieDataAccessTests\MovieDataAccessTests.csproj", "{1F242129-4FD5-487B-B848-E42994BB2DFA}"
EndProject
Global
	GlobalSection(SolutionConfigurationPlatforms) = preSolution
		Debug|Any CPU = Debug|Any CPU
		Release|Any CPU = Release|Any CPU
	EndGlobalSection
	GlobalSection(ProjectConfigurationPlatforms) = postSolution
		{33A88EB3-45F8-4181-AF8F-DCB75F6490A5}.Debug|Any CPU.ActiveCfg = Debug|Any CPU
		{33A88EB3-45F8-4181-AF8F-DCB75F6490A5}.Debug|Any CPU.Build.0 = Debug|Any CPU
		{33A88EB3-45F8-4181-AF8F-DCB75F6490A5}.Release|Any CPU.ActiveCfg = Release|Any CPU
		{33A88EB3-45F8-4181-AF8F-DCB75F6490A5}.Release|Any CPU.Build.0 = Release|Any CPU
		{A80A797B-757C-46C4-9C5C-6C7FBC43FA5C}.Debug|Any CPU.ActiveCfg = Debug|Any CPU
		{A80A797B-757C-46C4-9C5C-6C7FBC43FA5C}.Debug|Any CPU.Build.0 = Debug|Any CPU
		{A80A797B-757C-46C4-9C5C-6C7FBC43FA5C}.Release|Any CPU.ActiveCfg = Release|Any CPU
		{A80A797B-757C-46C4-9C5C-6C7FBC43FA5C}.Release|Any CPU.Build.0 = Release|Any CPU
		{1F242129-4FD5-487B-B848-E42994BB2DFA}.Debug|Any CPU.ActiveCfg = Debug|Any CPU
		{1F242129-4FD5-487B-B848-E42994BB2DFA}.Debug|Any CPU.Build.0 = Debug|Any CPU
		{1F242129-4FD5-487B-B848-E42994BB2DFA}.Release|Any CPU.ActiveCfg = Release|Any CPU
		{1F242129-4FD5-487B-B848-E42994BB2DFA}.Release|Any CPU.Build.0 = Release|Any CPU
	EndGlobalSection
	GlobalSection(SolutionProperties) = preSolution
		HideSolutionNode = FALSE
	EndGlobalSection
	GlobalSection(ExtensibilityGlobals) = postSolution
		SolutionGuid = {645DB5D1-ECAD-4CFB-B1DB-446A9DB77517}
	EndGlobalSection
EndGlobal
